// !$*UTF8*$!
{
	archiveVersion = 1;
	classes = {
	};
	objectVersion = 50;
	objects = {

/* Begin PBXBuildFile section */
		6D6E8412240EA521006EA92E /* AppDelegate.m in Sources */ = {isa = PBXBuildFile; fileRef = 6D6E8411240EA521006EA92E /* AppDelegate.m */; };
		6D6E8415240EA521006EA92E /* SceneDelegate.m in Sources */ = {isa = PBXBuildFile; fileRef = 6D6E8414240EA521006EA92E /* SceneDelegate.m */; };
		6D6E8418240EA521006EA92E /* ViewController.m in Sources */ = {isa = PBXBuildFile; fileRef = 6D6E8417240EA521006EA92E /* ViewController.m */; };
		6D6E841B240EA521006EA92E /* Main.storyboard in Resources */ = {isa = PBXBuildFile; fileRef = 6D6E8419240EA521006EA92E /* Main.storyboard */; };
		6D6E841D240EA522006EA92E /* Assets.xcassets in Resources */ = {isa = PBXBuildFile; fileRef = 6D6E841C240EA522006EA92E /* Assets.xcassets */; };
		6D6E8420240EA522006EA92E /* LaunchScreen.storyboard in Resources */ = {isa = PBXBuildFile; fileRef = 6D6E841E240EA522006EA92E /* LaunchScreen.storyboard */; };
		6D6E8423240EA522006EA92E /* main.m in Sources */ = {isa = PBXBuildFile; fileRef = 6D6E8422240EA522006EA92E /* main.m */; };
		6D6E842D240EA522006EA92E /* FastUITests.m in Sources */ = {isa = PBXBuildFile; fileRef = 6D6E842C240EA522006EA92E /* FastUITests.m */; };
		6D6E8438240EA522006EA92E /* FastUIUITests.m in Sources */ = {isa = PBXBuildFile; fileRef = 6D6E8437240EA522006EA92E /* FastUIUITests.m */; };
		6D6E844E240EA70C006EA92E /* UIView+Yoga.m in Sources */ = {isa = PBXBuildFile; fileRef = 6D6E8448240EA70C006EA92E /* UIView+Yoga.m */; };
		6D6E844F240EA70C006EA92E /* YGLayout.m in Sources */ = {isa = PBXBuildFile; fileRef = 6D6E844A240EA70C006EA92E /* YGLayout.m */; };
		6D6E8472240EA734006EA92E /* log.cpp in Sources */ = {isa = PBXBuildFile; fileRef = 6D6E8457240EA734006EA92E /* log.cpp */; };
		6D6E8473240EA734006EA92E /* Utils.cpp in Sources */ = {isa = PBXBuildFile; fileRef = 6D6E8458240EA734006EA92E /* Utils.cpp */; };
		6D6E8474240EA734006EA92E /* YGLayout.cpp in Sources */ = {isa = PBXBuildFile; fileRef = 6D6E845B240EA734006EA92E /* YGLayout.cpp */; };
		6D6E8475240EA734006EA92E /* Yoga.cpp in Sources */ = {isa = PBXBuildFile; fileRef = 6D6E845E240EA734006EA92E /* Yoga.cpp */; };
		6D6E8476240EA734006EA92E /* YGStyle.cpp in Sources */ = {isa = PBXBuildFile; fileRef = 6D6E845F240EA734006EA92E /* YGStyle.cpp */; };
		6D6E8477240EA734006EA92E /* experiments.cpp in Sources */ = {isa = PBXBuildFile; fileRef = 6D6E8462240EA734006EA92E /* experiments.cpp */; };
		6D6E8478240EA734006EA92E /* YGNodePrint.cpp in Sources */ = {isa = PBXBuildFile; fileRef = 6D6E8465240EA734006EA92E /* YGNodePrint.cpp */; };
		6D6E8479240EA734006EA92E /* YGEnums.cpp in Sources */ = {isa = PBXBuildFile; fileRef = 6D6E8467240EA734006EA92E /* YGEnums.cpp */; };
		6D6E847A240EA734006EA92E /* YGValue.cpp in Sources */ = {isa = PBXBuildFile; fileRef = 6D6E8469240EA734006EA92E /* YGValue.cpp */; };
		6D6E847B240EA734006EA92E /* YGConfig.cpp in Sources */ = {isa = PBXBuildFile; fileRef = 6D6E846C240EA734006EA92E /* YGConfig.cpp */; };
		6D6E847C240EA734006EA92E /* YGNode.cpp in Sources */ = {isa = PBXBuildFile; fileRef = 6D6E846D240EA734006EA92E /* YGNode.cpp */; };
		6D6E847D240EA734006EA92E /* event.cpp in Sources */ = {isa = PBXBuildFile; fileRef = 6D6E8471240EA734006EA92E /* event.cpp */; };
		6D6E84BA240EAB88006EA92E /* NSObject+YYModel.m in Sources */ = {isa = PBXBuildFile; fileRef = 6D6E84B7240EAB88006EA92E /* NSObject+YYModel.m */; };
		6D6E84BB240EAB88006EA92E /* YYClassInfo.m in Sources */ = {isa = PBXBuildFile; fileRef = 6D6E84B8240EAB88006EA92E /* YYClassInfo.m */; };
		6D6E852C240FFAEB006EA92E /* SRWebSocket.m in Sources */ = {isa = PBXBuildFile; fileRef = 6D6E84FA240FFAEB006EA92E /* SRWebSocket.m */; };
		6D6E852D240FFAEB006EA92E /* NSRunLoop+SRWebSocket.m in Sources */ = {isa = PBXBuildFile; fileRef = 6D6E84FB240FFAEB006EA92E /* NSRunLoop+SRWebSocket.m */; };
		6D6E852F240FFAEB006EA92E /* SRSecurityPolicy.m in Sources */ = {isa = PBXBuildFile; fileRef = 6D6E84FE240FFAEB006EA92E /* SRSecurityPolicy.m */; };
		6D6E8530240FFAEB006EA92E /* SRProxyConnect.m in Sources */ = {isa = PBXBuildFile; fileRef = 6D6E8503240FFAEB006EA92E /* SRProxyConnect.m */; };
		6D6E8531240FFAEB006EA92E /* SRRunLoopThread.m in Sources */ = {isa = PBXBuildFile; fileRef = 6D6E8507240FFAEB006EA92E /* SRRunLoopThread.m */; };
		6D6E8532240FFAEB006EA92E /* SRPinningSecurityPolicy.m in Sources */ = {isa = PBXBuildFile; fileRef = 6D6E850A240FFAEB006EA92E /* SRPinningSecurityPolicy.m */; };
		6D6E8533240FFAEB006EA92E /* SRDelegateController.m in Sources */ = {isa = PBXBuildFile; fileRef = 6D6E850D240FFAEB006EA92E /* SRDelegateController.m */; };
		6D6E8534240FFAEB006EA92E /* SRMutex.m in Sources */ = {isa = PBXBuildFile; fileRef = 6D6E8513240FFAEB006EA92E /* SRMutex.m */; };
		6D6E8535240FFAEB006EA92E /* SRHTTPConnectMessage.m in Sources */ = {isa = PBXBuildFile; fileRef = 6D6E8514240FFAEB006EA92E /* SRHTTPConnectMessage.m */; };
		6D6E8536240FFAEB006EA92E /* SRURLUtilities.m in Sources */ = {isa = PBXBuildFile; fileRef = 6D6E8517240FFAEB006EA92E /* SRURLUtilities.m */; };
		6D6E8537240FFAEB006EA92E /* SRLog.m in Sources */ = {isa = PBXBuildFile; fileRef = 6D6E8519240FFAEB006EA92E /* SRLog.m */; };
		6D6E8538240FFAEB006EA92E /* SRHash.m in Sources */ = {isa = PBXBuildFile; fileRef = 6D6E851A240FFAEB006EA92E /* SRHash.m */; };
		6D6E8539240FFAEB006EA92E /* SRError.m in Sources */ = {isa = PBXBuildFile; fileRef = 6D6E851D240FFAEB006EA92E /* SRError.m */; };
		6D6E853A240FFAEB006EA92E /* SRRandom.m in Sources */ = {isa = PBXBuildFile; fileRef = 6D6E851E240FFAEB006EA92E /* SRRandom.m */; };
		6D6E853B240FFAEB006EA92E /* SRSIMDHelpers.m in Sources */ = {isa = PBXBuildFile; fileRef = 6D6E8520240FFAEB006EA92E /* SRSIMDHelpers.m */; };
		6D6E853C240FFAEB006EA92E /* SRIOConsumer.m in Sources */ = {isa = PBXBuildFile; fileRef = 6D6E8523240FFAEB006EA92E /* SRIOConsumer.m */; };
		6D6E853D240FFAEB006EA92E /* SRIOConsumerPool.m in Sources */ = {isa = PBXBuildFile; fileRef = 6D6E8525240FFAEB006EA92E /* SRIOConsumerPool.m */; };
		6D6E853E240FFAEB006EA92E /* SRConstants.m in Sources */ = {isa = PBXBuildFile; fileRef = 6D6E8526240FFAEB006EA92E /* SRConstants.m */; };
		6D6E853F240FFAEB006EA92E /* NSURLRequest+SRWebSocket.m in Sources */ = {isa = PBXBuildFile; fileRef = 6D6E852B240FFAEB006EA92E /* NSURLRequest+SRWebSocket.m */; };
		6D6E854324100226006EA92E /* FastUIModel.m in Sources */ = {isa = PBXBuildFile; fileRef = 6D6E854224100226006EA92E /* FastUIModel.m */; };
		6D6E85462410025C006EA92E /* FastUIUIModel.m in Sources */ = {isa = PBXBuildFile; fileRef = 6D6E85452410025C006EA92E /* FastUIUIModel.m */; };
		6D6E85492410026E006EA92E /* FastUIDataModel.m in Sources */ = {isa = PBXBuildFile; fileRef = 6D6E85482410026E006EA92E /* FastUIDataModel.m */; };
		6D6E854D2413F095006EA92E /* UIView+FastUI.m in Sources */ = {isa = PBXBuildFile; fileRef = 6D6E854C2413F095006EA92E /* UIView+FastUI.m */; };
		6D6E858D24141043006EA92E /* FastUIImageView.m in Sources */ = {isa = PBXBuildFile; fileRef = 6D6E858C24141042006EA92E /* FastUIImageView.m */; };
		FC8AF900E1859492D61DF9DC /* Pods_FastUI.framework in Frameworks */ = {isa = PBXBuildFile; fileRef = 144A7C0D164F02ECF5CE1840 /* Pods_FastUI.framework */; };
/* End PBXBuildFile section */

/* Begin PBXContainerItemProxy section */
		6D6E8429240EA522006EA92E /* PBXContainerItemProxy */ = {
			isa = PBXContainerItemProxy;
			containerPortal = 6D6E8405240EA521006EA92E /* Project object */;
			proxyType = 1;
			remoteGlobalIDString = 6D6E840C240EA521006EA92E;
			remoteInfo = FastUI;
		};
		6D6E8434240EA522006EA92E /* PBXContainerItemProxy */ = {
			isa = PBXContainerItemProxy;
			containerPortal = 6D6E8405240EA521006EA92E /* Project object */;
			proxyType = 1;
			remoteGlobalIDString = 6D6E840C240EA521006EA92E;
			remoteInfo = FastUI;
		};
/* End PBXContainerItemProxy section */

/* Begin PBXFileReference section */
		144A7C0D164F02ECF5CE1840 /* Pods_FastUI.framework */ = {isa = PBXFileReference; explicitFileType = wrapper.framework; includeInIndex = 0; path = Pods_FastUI.framework; sourceTree = BUILT_PRODUCTS_DIR; };
		5AA3B1E661328A2ABFEF80B8 /* Pods-FastUI.release.xcconfig */ = {isa = PBXFileReference; includeInIndex = 1; lastKnownFileType = text.xcconfig; name = "Pods-FastUI.release.xcconfig"; path = "Target Support Files/Pods-FastUI/Pods-FastUI.release.xcconfig"; sourceTree = "<group>"; };
		6D6E840D240EA521006EA92E /* FastUI.app */ = {isa = PBXFileReference; explicitFileType = wrapper.application; includeInIndex = 0; path = FastUI.app; sourceTree = BUILT_PRODUCTS_DIR; };
		6D6E8410240EA521006EA92E /* AppDelegate.h */ = {isa = PBXFileReference; lastKnownFileType = sourcecode.c.h; path = AppDelegate.h; sourceTree = "<group>"; };
		6D6E8411240EA521006EA92E /* AppDelegate.m */ = {isa = PBXFileReference; lastKnownFileType = sourcecode.c.objc; path = AppDelegate.m; sourceTree = "<group>"; };
		6D6E8413240EA521006EA92E /* SceneDelegate.h */ = {isa = PBXFileReference; lastKnownFileType = sourcecode.c.h; path = SceneDelegate.h; sourceTree = "<group>"; };
		6D6E8414240EA521006EA92E /* SceneDelegate.m */ = {isa = PBXFileReference; lastKnownFileType = sourcecode.c.objc; path = SceneDelegate.m; sourceTree = "<group>"; };
		6D6E8416240EA521006EA92E /* ViewController.h */ = {isa = PBXFileReference; lastKnownFileType = sourcecode.c.h; path = ViewController.h; sourceTree = "<group>"; };
		6D6E8417240EA521006EA92E /* ViewController.m */ = {isa = PBXFileReference; lastKnownFileType = sourcecode.c.objc; path = ViewController.m; sourceTree = "<group>"; };
		6D6E841A240EA521006EA92E /* Base */ = {isa = PBXFileReference; lastKnownFileType = file.storyboard; name = Base; path = Base.lproj/Main.storyboard; sourceTree = "<group>"; };
		6D6E841C240EA522006EA92E /* Assets.xcassets */ = {isa = PBXFileReference; lastKnownFileType = folder.assetcatalog; path = Assets.xcassets; sourceTree = "<group>"; };
		6D6E841F240EA522006EA92E /* Base */ = {isa = PBXFileReference; lastKnownFileType = file.storyboard; name = Base; path = Base.lproj/LaunchScreen.storyboard; sourceTree = "<group>"; };
		6D6E8421240EA522006EA92E /* Info.plist */ = {isa = PBXFileReference; lastKnownFileType = text.plist.xml; path = Info.plist; sourceTree = "<group>"; };
		6D6E8422240EA522006EA92E /* main.m */ = {isa = PBXFileReference; lastKnownFileType = sourcecode.c.objc; path = main.m; sourceTree = "<group>"; };
		6D6E8428240EA522006EA92E /* FastUITests.xctest */ = {isa = PBXFileReference; explicitFileType = wrapper.cfbundle; includeInIndex = 0; path = FastUITests.xctest; sourceTree = BUILT_PRODUCTS_DIR; };
		6D6E842C240EA522006EA92E /* FastUITests.m */ = {isa = PBXFileReference; lastKnownFileType = sourcecode.c.objc; path = FastUITests.m; sourceTree = "<group>"; };
		6D6E842E240EA522006EA92E /* Info.plist */ = {isa = PBXFileReference; lastKnownFileType = text.plist.xml; path = Info.plist; sourceTree = "<group>"; };
		6D6E8433240EA522006EA92E /* FastUIUITests.xctest */ = {isa = PBXFileReference; explicitFileType = wrapper.cfbundle; includeInIndex = 0; path = FastUIUITests.xctest; sourceTree = BUILT_PRODUCTS_DIR; };
		6D6E8437240EA522006EA92E /* FastUIUITests.m */ = {isa = PBXFileReference; lastKnownFileType = sourcecode.c.objc; path = FastUIUITests.m; sourceTree = "<group>"; };
		6D6E8439240EA522006EA92E /* Info.plist */ = {isa = PBXFileReference; lastKnownFileType = text.plist.xml; path = Info.plist; sourceTree = "<group>"; };
		6D6E8448240EA70C006EA92E /* UIView+Yoga.m */ = {isa = PBXFileReference; fileEncoding = 4; lastKnownFileType = sourcecode.c.objc; path = "UIView+Yoga.m"; sourceTree = "<group>"; };
		6D6E8449240EA70C006EA92E /* YGLayout.h */ = {isa = PBXFileReference; fileEncoding = 4; lastKnownFileType = sourcecode.c.h; path = YGLayout.h; sourceTree = "<group>"; };
		6D6E844A240EA70C006EA92E /* YGLayout.m */ = {isa = PBXFileReference; fileEncoding = 4; lastKnownFileType = sourcecode.c.objc; path = YGLayout.m; sourceTree = "<group>"; };
		6D6E844B240EA70C006EA92E /* YGLayout+Private.h */ = {isa = PBXFileReference; fileEncoding = 4; lastKnownFileType = sourcecode.c.h; path = "YGLayout+Private.h"; sourceTree = "<group>"; };
		6D6E844C240EA70C006EA92E /* UIView+Yoga.h */ = {isa = PBXFileReference; fileEncoding = 4; lastKnownFileType = sourcecode.c.h; path = "UIView+Yoga.h"; sourceTree = "<group>"; };
		6D6E8452240EA734006EA92E /* YGFloatOptional.h */ = {isa = PBXFileReference; fileEncoding = 4; lastKnownFileType = sourcecode.c.h; path = YGFloatOptional.h; sourceTree = "<group>"; };
		6D6E8453240EA734006EA92E /* Utils.h */ = {isa = PBXFileReference; fileEncoding = 4; lastKnownFileType = sourcecode.c.h; path = Utils.h; sourceTree = "<group>"; };
		6D6E8454240EA734006EA92E /* CompactValue.h */ = {isa = PBXFileReference; fileEncoding = 4; lastKnownFileType = sourcecode.c.h; path = CompactValue.h; sourceTree = "<group>"; };
		6D6E8455240EA734006EA92E /* Yoga-internal.h */ = {isa = PBXFileReference; fileEncoding = 4; lastKnownFileType = sourcecode.c.h; path = "Yoga-internal.h"; sourceTree = "<group>"; };
		6D6E8456240EA734006EA92E /* YGLayout.h */ = {isa = PBXFileReference; fileEncoding = 4; lastKnownFileType = sourcecode.c.h; path = YGLayout.h; sourceTree = "<group>"; };
		6D6E8457240EA734006EA92E /* log.cpp */ = {isa = PBXFileReference; fileEncoding = 4; lastKnownFileType = sourcecode.cpp.cpp; path = log.cpp; sourceTree = "<group>"; };
		6D6E8458240EA734006EA92E /* Utils.cpp */ = {isa = PBXFileReference; fileEncoding = 4; lastKnownFileType = sourcecode.cpp.cpp; path = Utils.cpp; sourceTree = "<group>"; };
		6D6E8459240EA734006EA92E /* YGNodePrint.h */ = {isa = PBXFileReference; fileEncoding = 4; lastKnownFileType = sourcecode.c.h; path = YGNodePrint.h; sourceTree = "<group>"; };
		6D6E845A240EA734006EA92E /* YGEnums.h */ = {isa = PBXFileReference; fileEncoding = 4; lastKnownFileType = sourcecode.c.h; path = YGEnums.h; sourceTree = "<group>"; };
		6D6E845B240EA734006EA92E /* YGLayout.cpp */ = {isa = PBXFileReference; fileEncoding = 4; lastKnownFileType = sourcecode.cpp.cpp; path = YGLayout.cpp; sourceTree = "<group>"; };
		6D6E845C240EA734006EA92E /* YGNode.h */ = {isa = PBXFileReference; fileEncoding = 4; lastKnownFileType = sourcecode.c.h; path = YGNode.h; sourceTree = "<group>"; };
		6D6E845D240EA734006EA92E /* YGMacros.h */ = {isa = PBXFileReference; fileEncoding = 4; lastKnownFileType = sourcecode.c.h; path = YGMacros.h; sourceTree = "<group>"; };
		6D6E845E240EA734006EA92E /* Yoga.cpp */ = {isa = PBXFileReference; fileEncoding = 4; lastKnownFileType = sourcecode.cpp.cpp; path = Yoga.cpp; sourceTree = "<group>"; };
		6D6E845F240EA734006EA92E /* YGStyle.cpp */ = {isa = PBXFileReference; fileEncoding = 4; lastKnownFileType = sourcecode.cpp.cpp; path = YGStyle.cpp; sourceTree = "<group>"; };
		6D6E8460240EA734006EA92E /* Yoga.h */ = {isa = PBXFileReference; fileEncoding = 4; lastKnownFileType = sourcecode.c.h; path = Yoga.h; sourceTree = "<group>"; };
		6D6E8462240EA734006EA92E /* experiments.cpp */ = {isa = PBXFileReference; fileEncoding = 4; lastKnownFileType = sourcecode.cpp.cpp; path = experiments.cpp; sourceTree = "<group>"; };
		6D6E8463240EA734006EA92E /* experiments-inl.h */ = {isa = PBXFileReference; fileEncoding = 4; lastKnownFileType = sourcecode.c.h; path = "experiments-inl.h"; sourceTree = "<group>"; };
		6D6E8464240EA734006EA92E /* experiments.h */ = {isa = PBXFileReference; fileEncoding = 4; lastKnownFileType = sourcecode.c.h; path = experiments.h; sourceTree = "<group>"; };
		6D6E8465240EA734006EA92E /* YGNodePrint.cpp */ = {isa = PBXFileReference; fileEncoding = 4; lastKnownFileType = sourcecode.cpp.cpp; path = YGNodePrint.cpp; sourceTree = "<group>"; };
		6D6E8466240EA734006EA92E /* YGStyle.h */ = {isa = PBXFileReference; fileEncoding = 4; lastKnownFileType = sourcecode.c.h; path = YGStyle.h; sourceTree = "<group>"; };
		6D6E8467240EA734006EA92E /* YGEnums.cpp */ = {isa = PBXFileReference; fileEncoding = 4; lastKnownFileType = sourcecode.cpp.cpp; path = YGEnums.cpp; sourceTree = "<group>"; };
		6D6E8468240EA734006EA92E /* log.h */ = {isa = PBXFileReference; fileEncoding = 4; lastKnownFileType = sourcecode.c.h; path = log.h; sourceTree = "<group>"; };
		6D6E8469240EA734006EA92E /* YGValue.cpp */ = {isa = PBXFileReference; fileEncoding = 4; lastKnownFileType = sourcecode.cpp.cpp; path = YGValue.cpp; sourceTree = "<group>"; };
		6D6E846A240EA734006EA92E /* BitUtils.h */ = {isa = PBXFileReference; fileEncoding = 4; lastKnownFileType = sourcecode.c.h; path = BitUtils.h; sourceTree = "<group>"; };
		6D6E846B240EA734006EA92E /* YGConfig.h */ = {isa = PBXFileReference; fileEncoding = 4; lastKnownFileType = sourcecode.c.h; path = YGConfig.h; sourceTree = "<group>"; };
		6D6E846C240EA734006EA92E /* YGConfig.cpp */ = {isa = PBXFileReference; fileEncoding = 4; lastKnownFileType = sourcecode.cpp.cpp; path = YGConfig.cpp; sourceTree = "<group>"; };
		6D6E846D240EA734006EA92E /* YGNode.cpp */ = {isa = PBXFileReference; fileEncoding = 4; lastKnownFileType = sourcecode.cpp.cpp; path = YGNode.cpp; sourceTree = "<group>"; };
		6D6E846E240EA734006EA92E /* YGValue.h */ = {isa = PBXFileReference; fileEncoding = 4; lastKnownFileType = sourcecode.c.h; path = YGValue.h; sourceTree = "<group>"; };
		6D6E8470240EA734006EA92E /* event.h */ = {isa = PBXFileReference; fileEncoding = 4; lastKnownFileType = sourcecode.c.h; path = event.h; sourceTree = "<group>"; };
		6D6E8471240EA734006EA92E /* event.cpp */ = {isa = PBXFileReference; fileEncoding = 4; lastKnownFileType = sourcecode.cpp.cpp; path = event.cpp; sourceTree = "<group>"; };
		6D6E84B5240EAB88006EA92E /* YYClassInfo.h */ = {isa = PBXFileReference; fileEncoding = 4; lastKnownFileType = sourcecode.c.h; path = YYClassInfo.h; sourceTree = "<group>"; };
		6D6E84B6240EAB88006EA92E /* YYModel.h */ = {isa = PBXFileReference; fileEncoding = 4; lastKnownFileType = sourcecode.c.h; path = YYModel.h; sourceTree = "<group>"; };
		6D6E84B7240EAB88006EA92E /* NSObject+YYModel.m */ = {isa = PBXFileReference; fileEncoding = 4; lastKnownFileType = sourcecode.c.objc; path = "NSObject+YYModel.m"; sourceTree = "<group>"; };
		6D6E84B8240EAB88006EA92E /* YYClassInfo.m */ = {isa = PBXFileReference; fileEncoding = 4; lastKnownFileType = sourcecode.c.objc; path = YYClassInfo.m; sourceTree = "<group>"; };
		6D6E84B9240EAB88006EA92E /* NSObject+YYModel.h */ = {isa = PBXFileReference; fileEncoding = 4; lastKnownFileType = sourcecode.c.h; path = "NSObject+YYModel.h"; sourceTree = "<group>"; };
		6D6E84BE240FF771006EA92E /* FastUI-Bridging-Header.h */ = {isa = PBXFileReference; lastKnownFileType = sourcecode.c.h; path = "FastUI-Bridging-Header.h"; sourceTree = "<group>"; };
		6D6E84FA240FFAEB006EA92E /* SRWebSocket.m */ = {isa = PBXFileReference; fileEncoding = 4; lastKnownFileType = sourcecode.c.objc; path = SRWebSocket.m; sourceTree = "<group>"; };
		6D6E84FB240FFAEB006EA92E /* NSRunLoop+SRWebSocket.m */ = {isa = PBXFileReference; fileEncoding = 4; lastKnownFileType = sourcecode.c.objc; path = "NSRunLoop+SRWebSocket.m"; sourceTree = "<group>"; };
		6D6E84FE240FFAEB006EA92E /* SRSecurityPolicy.m */ = {isa = PBXFileReference; fileEncoding = 4; lastKnownFileType = sourcecode.c.objc; path = SRSecurityPolicy.m; sourceTree = "<group>"; };
		6D6E84FF240FFAEB006EA92E /* SocketRocket.h */ = {isa = PBXFileReference; fileEncoding = 4; lastKnownFileType = sourcecode.c.h; path = SocketRocket.h; sourceTree = "<group>"; };
		6D6E8501240FFAEB006EA92E /* SRConstants.h */ = {isa = PBXFileReference; fileEncoding = 4; lastKnownFileType = sourcecode.c.h; path = SRConstants.h; sourceTree = "<group>"; };
		6D6E8503240FFAEB006EA92E /* SRProxyConnect.m */ = {isa = PBXFileReference; fileEncoding = 4; lastKnownFileType = sourcecode.c.objc; path = SRProxyConnect.m; sourceTree = "<group>"; };
		6D6E8504240FFAEB006EA92E /* SRProxyConnect.h */ = {isa = PBXFileReference; fileEncoding = 4; lastKnownFileType = sourcecode.c.h; path = SRProxyConnect.h; sourceTree = "<group>"; };
		6D6E8506240FFAEB006EA92E /* SRRunLoopThread.h */ = {isa = PBXFileReference; fileEncoding = 4; lastKnownFileType = sourcecode.c.h; path = SRRunLoopThread.h; sourceTree = "<group>"; };
		6D6E8507240FFAEB006EA92E /* SRRunLoopThread.m */ = {isa = PBXFileReference; fileEncoding = 4; lastKnownFileType = sourcecode.c.objc; path = SRRunLoopThread.m; sourceTree = "<group>"; };
		6D6E8509240FFAEB006EA92E /* SRPinningSecurityPolicy.h */ = {isa = PBXFileReference; fileEncoding = 4; lastKnownFileType = sourcecode.c.h; path = SRPinningSecurityPolicy.h; sourceTree = "<group>"; };
		6D6E850A240FFAEB006EA92E /* SRPinningSecurityPolicy.m */ = {isa = PBXFileReference; fileEncoding = 4; lastKnownFileType = sourcecode.c.objc; path = SRPinningSecurityPolicy.m; sourceTree = "<group>"; };
		6D6E850B240FFAEB006EA92E /* NSRunLoop+SRWebSocketPrivate.h */ = {isa = PBXFileReference; fileEncoding = 4; lastKnownFileType = sourcecode.c.h; path = "NSRunLoop+SRWebSocketPrivate.h"; sourceTree = "<group>"; };
		6D6E850D240FFAEB006EA92E /* SRDelegateController.m */ = {isa = PBXFileReference; fileEncoding = 4; lastKnownFileType = sourcecode.c.objc; path = SRDelegateController.m; sourceTree = "<group>"; };
		6D6E850E240FFAEB006EA92E /* SRDelegateController.h */ = {isa = PBXFileReference; fileEncoding = 4; lastKnownFileType = sourcecode.c.h; path = SRDelegateController.h; sourceTree = "<group>"; };
		6D6E850F240FFAEB006EA92E /* NSURLRequest+SRWebSocketPrivate.h */ = {isa = PBXFileReference; fileEncoding = 4; lastKnownFileType = sourcecode.c.h; path = "NSURLRequest+SRWebSocketPrivate.h"; sourceTree = "<group>"; };
		6D6E8511240FFAEB006EA92E /* SRHash.h */ = {isa = PBXFileReference; fileEncoding = 4; lastKnownFileType = sourcecode.c.h; path = SRHash.h; sourceTree = "<group>"; };
		6D6E8512240FFAEB006EA92E /* SRLog.h */ = {isa = PBXFileReference; fileEncoding = 4; lastKnownFileType = sourcecode.c.h; path = SRLog.h; sourceTree = "<group>"; };
		6D6E8513240FFAEB006EA92E /* SRMutex.m */ = {isa = PBXFileReference; fileEncoding = 4; lastKnownFileType = sourcecode.c.objc; path = SRMutex.m; sourceTree = "<group>"; };
		6D6E8514240FFAEB006EA92E /* SRHTTPConnectMessage.m */ = {isa = PBXFileReference; fileEncoding = 4; lastKnownFileType = sourcecode.c.objc; path = SRHTTPConnectMessage.m; sourceTree = "<group>"; };
		6D6E8515240FFAEB006EA92E /* SRSIMDHelpers.h */ = {isa = PBXFileReference; fileEncoding = 4; lastKnownFileType = sourcecode.c.h; path = SRSIMDHelpers.h; sourceTree = "<group>"; };
		6D6E8516240FFAEB006EA92E /* SRRandom.h */ = {isa = PBXFileReference; fileEncoding = 4; lastKnownFileType = sourcecode.c.h; path = SRRandom.h; sourceTree = "<group>"; };
		6D6E8517240FFAEB006EA92E /* SRURLUtilities.m */ = {isa = PBXFileReference; fileEncoding = 4; lastKnownFileType = sourcecode.c.objc; path = SRURLUtilities.m; sourceTree = "<group>"; };
		6D6E8518240FFAEB006EA92E /* SRError.h */ = {isa = PBXFileReference; fileEncoding = 4; lastKnownFileType = sourcecode.c.h; path = SRError.h; sourceTree = "<group>"; };
		6D6E8519240FFAEB006EA92E /* SRLog.m */ = {isa = PBXFileReference; fileEncoding = 4; lastKnownFileType = sourcecode.c.objc; path = SRLog.m; sourceTree = "<group>"; };
		6D6E851A240FFAEB006EA92E /* SRHash.m */ = {isa = PBXFileReference; fileEncoding = 4; lastKnownFileType = sourcecode.c.objc; path = SRHash.m; sourceTree = "<group>"; };
		6D6E851B240FFAEB006EA92E /* SRMutex.h */ = {isa = PBXFileReference; fileEncoding = 4; lastKnownFileType = sourcecode.c.h; path = SRMutex.h; sourceTree = "<group>"; };
		6D6E851C240FFAEB006EA92E /* SRHTTPConnectMessage.h */ = {isa = PBXFileReference; fileEncoding = 4; lastKnownFileType = sourcecode.c.h; path = SRHTTPConnectMessage.h; sourceTree = "<group>"; };
		6D6E851D240FFAEB006EA92E /* SRError.m */ = {isa = PBXFileReference; fileEncoding = 4; lastKnownFileType = sourcecode.c.objc; path = SRError.m; sourceTree = "<group>"; };
		6D6E851E240FFAEB006EA92E /* SRRandom.m */ = {isa = PBXFileReference; fileEncoding = 4; lastKnownFileType = sourcecode.c.objc; path = SRRandom.m; sourceTree = "<group>"; };
		6D6E851F240FFAEB006EA92E /* SRURLUtilities.h */ = {isa = PBXFileReference; fileEncoding = 4; lastKnownFileType = sourcecode.c.h; path = SRURLUtilities.h; sourceTree = "<group>"; };
		6D6E8520240FFAEB006EA92E /* SRSIMDHelpers.m */ = {isa = PBXFileReference; fileEncoding = 4; lastKnownFileType = sourcecode.c.objc; path = SRSIMDHelpers.m; sourceTree = "<group>"; };
		6D6E8522240FFAEB006EA92E /* SRIOConsumerPool.h */ = {isa = PBXFileReference; fileEncoding = 4; lastKnownFileType = sourcecode.c.h; path = SRIOConsumerPool.h; sourceTree = "<group>"; };
		6D6E8523240FFAEB006EA92E /* SRIOConsumer.m */ = {isa = PBXFileReference; fileEncoding = 4; lastKnownFileType = sourcecode.c.objc; path = SRIOConsumer.m; sourceTree = "<group>"; };
		6D6E8524240FFAEB006EA92E /* SRIOConsumer.h */ = {isa = PBXFileReference; fileEncoding = 4; lastKnownFileType = sourcecode.c.h; path = SRIOConsumer.h; sourceTree = "<group>"; };
		6D6E8525240FFAEB006EA92E /* SRIOConsumerPool.m */ = {isa = PBXFileReference; fileEncoding = 4; lastKnownFileType = sourcecode.c.objc; path = SRIOConsumerPool.m; sourceTree = "<group>"; };
		6D6E8526240FFAEB006EA92E /* SRConstants.m */ = {isa = PBXFileReference; fileEncoding = 4; lastKnownFileType = sourcecode.c.objc; path = SRConstants.m; sourceTree = "<group>"; };
		6D6E8527240FFAEB006EA92E /* NSURLRequest+SRWebSocket.h */ = {isa = PBXFileReference; fileEncoding = 4; lastKnownFileType = sourcecode.c.h; path = "NSURLRequest+SRWebSocket.h"; sourceTree = "<group>"; };
		6D6E8528240FFAEB006EA92E /* SRWebSocket.h */ = {isa = PBXFileReference; fileEncoding = 4; lastKnownFileType = sourcecode.c.h; path = SRWebSocket.h; sourceTree = "<group>"; };
		6D6E8529240FFAEB006EA92E /* NSRunLoop+SRWebSocket.h */ = {isa = PBXFileReference; fileEncoding = 4; lastKnownFileType = sourcecode.c.h; path = "NSRunLoop+SRWebSocket.h"; sourceTree = "<group>"; };
		6D6E852A240FFAEB006EA92E /* SRSecurityPolicy.h */ = {isa = PBXFileReference; fileEncoding = 4; lastKnownFileType = sourcecode.c.h; path = SRSecurityPolicy.h; sourceTree = "<group>"; };
		6D6E852B240FFAEB006EA92E /* NSURLRequest+SRWebSocket.m */ = {isa = PBXFileReference; fileEncoding = 4; lastKnownFileType = sourcecode.c.objc; path = "NSURLRequest+SRWebSocket.m"; sourceTree = "<group>"; };
		6D6E854124100226006EA92E /* FastUIModel.h */ = {isa = PBXFileReference; lastKnownFileType = sourcecode.c.h; path = FastUIModel.h; sourceTree = "<group>"; };
		6D6E854224100226006EA92E /* FastUIModel.m */ = {isa = PBXFileReference; lastKnownFileType = sourcecode.c.objc; path = FastUIModel.m; sourceTree = "<group>"; };
		6D6E85442410025C006EA92E /* FastUIUIModel.h */ = {isa = PBXFileReference; lastKnownFileType = sourcecode.c.h; path = FastUIUIModel.h; sourceTree = "<group>"; };
		6D6E85452410025C006EA92E /* FastUIUIModel.m */ = {isa = PBXFileReference; lastKnownFileType = sourcecode.c.objc; path = FastUIUIModel.m; sourceTree = "<group>"; };
		6D6E85472410026E006EA92E /* FastUIDataModel.h */ = {isa = PBXFileReference; lastKnownFileType = sourcecode.c.h; path = FastUIDataModel.h; sourceTree = "<group>"; };
		6D6E85482410026E006EA92E /* FastUIDataModel.m */ = {isa = PBXFileReference; lastKnownFileType = sourcecode.c.objc; path = FastUIDataModel.m; sourceTree = "<group>"; };
		6D6E854B2413F095006EA92E /* UIView+FastUI.h */ = {isa = PBXFileReference; lastKnownFileType = sourcecode.c.h; path = "UIView+FastUI.h"; sourceTree = "<group>"; };
		6D6E854C2413F095006EA92E /* UIView+FastUI.m */ = {isa = PBXFileReference; lastKnownFileType = sourcecode.c.objc; path = "UIView+FastUI.m"; sourceTree = "<group>"; };
		6D6E858B24141042006EA92E /* FastUIImageView.h */ = {isa = PBXFileReference; lastKnownFileType = sourcecode.c.h; path = FastUIImageView.h; sourceTree = "<group>"; };
		6D6E858C24141042006EA92E /* FastUIImageView.m */ = {isa = PBXFileReference; lastKnownFileType = sourcecode.c.objc; path = FastUIImageView.m; sourceTree = "<group>"; };
		6D6E859324149519006EA92E /* SDWebImage.framework */ = {isa = PBXFileReference; lastKnownFileType = wrapper.framework; name = SDWebImage.framework; path = framework/SDWebImage.framework; sourceTree = "<group>"; };
		FB6C75A7FB2D175D8924E9E6 /* Pods-FastUI.debug.xcconfig */ = {isa = PBXFileReference; includeInIndex = 1; lastKnownFileType = text.xcconfig; name = "Pods-FastUI.debug.xcconfig"; path = "Target Support Files/Pods-FastUI/Pods-FastUI.debug.xcconfig"; sourceTree = "<group>"; };
/* End PBXFileReference section */

/* Begin PBXFrameworksBuildPhase section */
		6D6E840A240EA521006EA92E /* Frameworks */ = {
			isa = PBXFrameworksBuildPhase;
			buildActionMask = 2147483647;
			files = (
				FC8AF900E1859492D61DF9DC /* Pods_FastUI.framework in Frameworks */,
			);
			runOnlyForDeploymentPostprocessing = 0;
		};
		6D6E8425240EA522006EA92E /* Frameworks */ = {
			isa = PBXFrameworksBuildPhase;
			buildActionMask = 2147483647;
			files = (
			);
			runOnlyForDeploymentPostprocessing = 0;
		};
		6D6E8430240EA522006EA92E /* Frameworks */ = {
			isa = PBXFrameworksBuildPhase;
			buildActionMask = 2147483647;
			files = (
			);
			runOnlyForDeploymentPostprocessing = 0;
		};
/* End PBXFrameworksBuildPhase section */

/* Begin PBXGroup section */
		6D6E8404240EA521006EA92E = {
			isa = PBXGroup;
			children = (
				6D6E840F240EA521006EA92E /* FastUI */,
				6D6E842B240EA522006EA92E /* FastUITests */,
				6D6E8436240EA522006EA92E /* FastUIUITests */,
				6D6E840E240EA521006EA92E /* Products */,
				6D6E858E24149431006EA92E /* Frameworks */,
				B4F19E29D1D61126C09F4BE0 /* Pods */,
			);
			sourceTree = "<group>";
		};
		6D6E840E240EA521006EA92E /* Products */ = {
			isa = PBXGroup;
			children = (
				6D6E840D240EA521006EA92E /* FastUI.app */,
				6D6E8428240EA522006EA92E /* FastUITests.xctest */,
				6D6E8433240EA522006EA92E /* FastUIUITests.xctest */,
			);
			name = Products;
			sourceTree = "<group>";
		};
		6D6E840F240EA521006EA92E /* FastUI */ = {
			isa = PBXGroup;
			children = (
				6D6E8445240EA6EC006EA92E /* FastUI */,
				6D6E8410240EA521006EA92E /* AppDelegate.h */,
				6D6E8411240EA521006EA92E /* AppDelegate.m */,
				6D6E8413240EA521006EA92E /* SceneDelegate.h */,
				6D6E8414240EA521006EA92E /* SceneDelegate.m */,
				6D6E8416240EA521006EA92E /* ViewController.h */,
				6D6E8417240EA521006EA92E /* ViewController.m */,
				6D6E8419240EA521006EA92E /* Main.storyboard */,
				6D6E841C240EA522006EA92E /* Assets.xcassets */,
				6D6E841E240EA522006EA92E /* LaunchScreen.storyboard */,
				6D6E8421240EA522006EA92E /* Info.plist */,
				6D6E8422240EA522006EA92E /* main.m */,
				6D6E84BE240FF771006EA92E /* FastUI-Bridging-Header.h */,
			);
			path = FastUI;
			sourceTree = "<group>";
		};
		6D6E842B240EA522006EA92E /* FastUITests */ = {
			isa = PBXGroup;
			children = (
				6D6E842C240EA522006EA92E /* FastUITests.m */,
				6D6E842E240EA522006EA92E /* Info.plist */,
			);
			path = FastUITests;
			sourceTree = "<group>";
		};
		6D6E8436240EA522006EA92E /* FastUIUITests */ = {
			isa = PBXGroup;
			children = (
				6D6E8437240EA522006EA92E /* FastUIUITests.m */,
				6D6E8439240EA522006EA92E /* Info.plist */,
			);
			path = FastUIUITests;
			sourceTree = "<group>";
		};
		6D6E8445240EA6EC006EA92E /* FastUI */ = {
			isa = PBXGroup;
			children = (
				6D6E854A2413F077006EA92E /* UI */,
				6D6E8540241001AB006EA92E /* FastUIModel */,
				6D6E84F9240FFAEB006EA92E /* SocketRocket */,
				6D6E84B4240EAB88006EA92E /* YYModel */,
				6D6E8446240EA6F3006EA92E /* YogaKit */,
			);
			path = FastUI;
			sourceTree = "<group>";
		};
		6D6E8446240EA6F3006EA92E /* YogaKit */ = {
			isa = PBXGroup;
			children = (
				6D6E8451240EA734006EA92E /* yoga */,
				6D6E844C240EA70C006EA92E /* UIView+Yoga.h */,
				6D6E8448240EA70C006EA92E /* UIView+Yoga.m */,
				6D6E8449240EA70C006EA92E /* YGLayout.h */,
				6D6E844A240EA70C006EA92E /* YGLayout.m */,
				6D6E844B240EA70C006EA92E /* YGLayout+Private.h */,
			);
			path = YogaKit;
			sourceTree = "<group>";
		};
		6D6E8451240EA734006EA92E /* yoga */ = {
			isa = PBXGroup;
			children = (
				6D6E8452240EA734006EA92E /* YGFloatOptional.h */,
				6D6E8453240EA734006EA92E /* Utils.h */,
				6D6E8454240EA734006EA92E /* CompactValue.h */,
				6D6E8455240EA734006EA92E /* Yoga-internal.h */,
				6D6E8456240EA734006EA92E /* YGLayout.h */,
				6D6E8457240EA734006EA92E /* log.cpp */,
				6D6E8458240EA734006EA92E /* Utils.cpp */,
				6D6E8459240EA734006EA92E /* YGNodePrint.h */,
				6D6E845A240EA734006EA92E /* YGEnums.h */,
				6D6E845B240EA734006EA92E /* YGLayout.cpp */,
				6D6E845C240EA734006EA92E /* YGNode.h */,
				6D6E845D240EA734006EA92E /* YGMacros.h */,
				6D6E845E240EA734006EA92E /* Yoga.cpp */,
				6D6E845F240EA734006EA92E /* YGStyle.cpp */,
				6D6E8460240EA734006EA92E /* Yoga.h */,
				6D6E8461240EA734006EA92E /* internal */,
				6D6E8465240EA734006EA92E /* YGNodePrint.cpp */,
				6D6E8466240EA734006EA92E /* YGStyle.h */,
				6D6E8467240EA734006EA92E /* YGEnums.cpp */,
				6D6E8468240EA734006EA92E /* log.h */,
				6D6E8469240EA734006EA92E /* YGValue.cpp */,
				6D6E846A240EA734006EA92E /* BitUtils.h */,
				6D6E846B240EA734006EA92E /* YGConfig.h */,
				6D6E846C240EA734006EA92E /* YGConfig.cpp */,
				6D6E846D240EA734006EA92E /* YGNode.cpp */,
				6D6E846E240EA734006EA92E /* YGValue.h */,
				6D6E846F240EA734006EA92E /* event */,
			);
			path = yoga;
			sourceTree = "<group>";
		};
		6D6E8461240EA734006EA92E /* internal */ = {
			isa = PBXGroup;
			children = (
				6D6E8462240EA734006EA92E /* experiments.cpp */,
				6D6E8463240EA734006EA92E /* experiments-inl.h */,
				6D6E8464240EA734006EA92E /* experiments.h */,
			);
			path = internal;
			sourceTree = "<group>";
		};
		6D6E846F240EA734006EA92E /* event */ = {
			isa = PBXGroup;
			children = (
				6D6E8470240EA734006EA92E /* event.h */,
				6D6E8471240EA734006EA92E /* event.cpp */,
			);
			path = event;
			sourceTree = "<group>";
		};
		6D6E84B4240EAB88006EA92E /* YYModel */ = {
			isa = PBXGroup;
			children = (
				6D6E84B5240EAB88006EA92E /* YYClassInfo.h */,
				6D6E84B6240EAB88006EA92E /* YYModel.h */,
				6D6E84B7240EAB88006EA92E /* NSObject+YYModel.m */,
				6D6E84B8240EAB88006EA92E /* YYClassInfo.m */,
				6D6E84B9240EAB88006EA92E /* NSObject+YYModel.h */,
			);
			path = YYModel;
			sourceTree = "<group>";
		};
		6D6E84F9240FFAEB006EA92E /* SocketRocket */ = {
			isa = PBXGroup;
			children = (
				6D6E84FA240FFAEB006EA92E /* SRWebSocket.m */,
				6D6E84FB240FFAEB006EA92E /* NSRunLoop+SRWebSocket.m */,
				6D6E84FE240FFAEB006EA92E /* SRSecurityPolicy.m */,
				6D6E84FF240FFAEB006EA92E /* SocketRocket.h */,
				6D6E8500240FFAEB006EA92E /* Internal */,
				6D6E8527240FFAEB006EA92E /* NSURLRequest+SRWebSocket.h */,
				6D6E8528240FFAEB006EA92E /* SRWebSocket.h */,
				6D6E8529240FFAEB006EA92E /* NSRunLoop+SRWebSocket.h */,
				6D6E852A240FFAEB006EA92E /* SRSecurityPolicy.h */,
				6D6E852B240FFAEB006EA92E /* NSURLRequest+SRWebSocket.m */,
			);
			path = SocketRocket;
			sourceTree = "<group>";
		};
		6D6E8500240FFAEB006EA92E /* Internal */ = {
			isa = PBXGroup;
			children = (
				6D6E8501240FFAEB006EA92E /* SRConstants.h */,
				6D6E8502240FFAEB006EA92E /* Proxy */,
				6D6E8505240FFAEB006EA92E /* RunLoop */,
				6D6E8508240FFAEB006EA92E /* Security */,
				6D6E850B240FFAEB006EA92E /* NSRunLoop+SRWebSocketPrivate.h */,
				6D6E850C240FFAEB006EA92E /* Delegate */,
				6D6E850F240FFAEB006EA92E /* NSURLRequest+SRWebSocketPrivate.h */,
				6D6E8510240FFAEB006EA92E /* Utilities */,
				6D6E8521240FFAEB006EA92E /* IOConsumer */,
				6D6E8526240FFAEB006EA92E /* SRConstants.m */,
			);
			path = Internal;
			sourceTree = "<group>";
		};
		6D6E8502240FFAEB006EA92E /* Proxy */ = {
			isa = PBXGroup;
			children = (
				6D6E8503240FFAEB006EA92E /* SRProxyConnect.m */,
				6D6E8504240FFAEB006EA92E /* SRProxyConnect.h */,
			);
			path = Proxy;
			sourceTree = "<group>";
		};
		6D6E8505240FFAEB006EA92E /* RunLoop */ = {
			isa = PBXGroup;
			children = (
				6D6E8506240FFAEB006EA92E /* SRRunLoopThread.h */,
				6D6E8507240FFAEB006EA92E /* SRRunLoopThread.m */,
			);
			path = RunLoop;
			sourceTree = "<group>";
		};
		6D6E8508240FFAEB006EA92E /* Security */ = {
			isa = PBXGroup;
			children = (
				6D6E8509240FFAEB006EA92E /* SRPinningSecurityPolicy.h */,
				6D6E850A240FFAEB006EA92E /* SRPinningSecurityPolicy.m */,
			);
			path = Security;
			sourceTree = "<group>";
		};
		6D6E850C240FFAEB006EA92E /* Delegate */ = {
			isa = PBXGroup;
			children = (
				6D6E850D240FFAEB006EA92E /* SRDelegateController.m */,
				6D6E850E240FFAEB006EA92E /* SRDelegateController.h */,
			);
			path = Delegate;
			sourceTree = "<group>";
		};
		6D6E8510240FFAEB006EA92E /* Utilities */ = {
			isa = PBXGroup;
			children = (
				6D6E8511240FFAEB006EA92E /* SRHash.h */,
				6D6E8512240FFAEB006EA92E /* SRLog.h */,
				6D6E8513240FFAEB006EA92E /* SRMutex.m */,
				6D6E8514240FFAEB006EA92E /* SRHTTPConnectMessage.m */,
				6D6E8515240FFAEB006EA92E /* SRSIMDHelpers.h */,
				6D6E8516240FFAEB006EA92E /* SRRandom.h */,
				6D6E8517240FFAEB006EA92E /* SRURLUtilities.m */,
				6D6E8518240FFAEB006EA92E /* SRError.h */,
				6D6E8519240FFAEB006EA92E /* SRLog.m */,
				6D6E851A240FFAEB006EA92E /* SRHash.m */,
				6D6E851B240FFAEB006EA92E /* SRMutex.h */,
				6D6E851C240FFAEB006EA92E /* SRHTTPConnectMessage.h */,
				6D6E851D240FFAEB006EA92E /* SRError.m */,
				6D6E851E240FFAEB006EA92E /* SRRandom.m */,
				6D6E851F240FFAEB006EA92E /* SRURLUtilities.h */,
				6D6E8520240FFAEB006EA92E /* SRSIMDHelpers.m */,
			);
			path = Utilities;
			sourceTree = "<group>";
		};
		6D6E8521240FFAEB006EA92E /* IOConsumer */ = {
			isa = PBXGroup;
			children = (
				6D6E8522240FFAEB006EA92E /* SRIOConsumerPool.h */,
				6D6E8523240FFAEB006EA92E /* SRIOConsumer.m */,
				6D6E8524240FFAEB006EA92E /* SRIOConsumer.h */,
				6D6E8525240FFAEB006EA92E /* SRIOConsumerPool.m */,
			);
			path = IOConsumer;
			sourceTree = "<group>";
		};
		6D6E8540241001AB006EA92E /* FastUIModel */ = {
			isa = PBXGroup;
			children = (
				6D6E854124100226006EA92E /* FastUIModel.h */,
				6D6E854224100226006EA92E /* FastUIModel.m */,
				6D6E85442410025C006EA92E /* FastUIUIModel.h */,
				6D6E85452410025C006EA92E /* FastUIUIModel.m */,
				6D6E85472410026E006EA92E /* FastUIDataModel.h */,
				6D6E85482410026E006EA92E /* FastUIDataModel.m */,
			);
			path = FastUIModel;
			sourceTree = "<group>";
		};
		6D6E854A2413F077006EA92E /* UI */ = {
			isa = PBXGroup;
			children = (
				6D6E854B2413F095006EA92E /* UIView+FastUI.h */,
				6D6E854C2413F095006EA92E /* UIView+FastUI.m */,
				6D6E858B24141042006EA92E /* FastUIImageView.h */,
				6D6E858C24141042006EA92E /* FastUIImageView.m */,
			);
			path = UI;
			sourceTree = "<group>";
		};
		6D6E858E24149431006EA92E /* Frameworks */ = {
			isa = PBXGroup;
			children = (
				6D6E859324149519006EA92E /* SDWebImage.framework */,
				144A7C0D164F02ECF5CE1840 /* Pods_FastUI.framework */,
			);
			name = Frameworks;
			sourceTree = "<group>";
		};
		B4F19E29D1D61126C09F4BE0 /* Pods */ = {
			isa = PBXGroup;
			children = (
				FB6C75A7FB2D175D8924E9E6 /* Pods-FastUI.debug.xcconfig */,
				5AA3B1E661328A2ABFEF80B8 /* Pods-FastUI.release.xcconfig */,
			);
			name = Pods;
			path = Pods;
			sourceTree = "<group>";
		};
/* End PBXGroup section */

/* Begin PBXNativeTarget section */
		6D6E840C240EA521006EA92E /* FastUI */ = {
			isa = PBXNativeTarget;
			buildConfigurationList = 6D6E843C240EA522006EA92E /* Build configuration list for PBXNativeTarget "FastUI" */;
			buildPhases = (
				67D6E09A79BB1C655982F0C6 /* [CP] Check Pods Manifest.lock */,
				6D6E8409240EA521006EA92E /* Sources */,
				6D6E840A240EA521006EA92E /* Frameworks */,
				6D6E840B240EA521006EA92E /* Resources */,
				6CA7E805070044C21172364F /* [CP] Embed Pods Frameworks */,
			);
			buildRules = (
			);
			dependencies = (
			);
			name = FastUI;
			productName = FastUI;
			productReference = 6D6E840D240EA521006EA92E /* FastUI.app */;
			productType = "com.apple.product-type.application";
		};
		6D6E8427240EA522006EA92E /* FastUITests */ = {
			isa = PBXNativeTarget;
			buildConfigurationList = 6D6E843F240EA522006EA92E /* Build configuration list for PBXNativeTarget "FastUITests" */;
			buildPhases = (
				6D6E8424240EA522006EA92E /* Sources */,
				6D6E8425240EA522006EA92E /* Frameworks */,
				6D6E8426240EA522006EA92E /* Resources */,
			);
			buildRules = (
			);
			dependencies = (
				6D6E842A240EA522006EA92E /* PBXTargetDependency */,
			);
			name = FastUITests;
			productName = FastUITests;
			productReference = 6D6E8428240EA522006EA92E /* FastUITests.xctest */;
			productType = "com.apple.product-type.bundle.unit-test";
		};
		6D6E8432240EA522006EA92E /* FastUIUITests */ = {
			isa = PBXNativeTarget;
			buildConfigurationList = 6D6E8442240EA522006EA92E /* Build configuration list for PBXNativeTarget "FastUIUITests" */;
			buildPhases = (
				6D6E842F240EA522006EA92E /* Sources */,
				6D6E8430240EA522006EA92E /* Frameworks */,
				6D6E8431240EA522006EA92E /* Resources */,
			);
			buildRules = (
			);
			dependencies = (
				6D6E8435240EA522006EA92E /* PBXTargetDependency */,
			);
			name = FastUIUITests;
			productName = FastUIUITests;
			productReference = 6D6E8433240EA522006EA92E /* FastUIUITests.xctest */;
			productType = "com.apple.product-type.bundle.ui-testing";
		};
/* End PBXNativeTarget section */

/* Begin PBXProject section */
		6D6E8405240EA521006EA92E /* Project object */ = {
			isa = PBXProject;
			attributes = {
				LastUpgradeCheck = 1120;
				ORGANIZATIONNAME = Damien;
				TargetAttributes = {
					6D6E840C240EA521006EA92E = {
						CreatedOnToolsVersion = 11.2.1;
						LastSwiftMigration = 1120;
					};
					6D6E8427240EA522006EA92E = {
						CreatedOnToolsVersion = 11.2.1;
						TestTargetID = 6D6E840C240EA521006EA92E;
					};
					6D6E8432240EA522006EA92E = {
						CreatedOnToolsVersion = 11.2.1;
						TestTargetID = 6D6E840C240EA521006EA92E;
					};
				};
			};
			buildConfigurationList = 6D6E8408240EA521006EA92E /* Build configuration list for PBXProject "FastUI" */;
			compatibilityVersion = "Xcode 9.3";
			developmentRegion = en;
			hasScannedForEncodings = 0;
			knownRegions = (
				en,
				Base,
			);
			mainGroup = 6D6E8404240EA521006EA92E;
			productRefGroup = 6D6E840E240EA521006EA92E /* Products */;
			projectDirPath = "";
			projectRoot = "";
			targets = (
				6D6E840C240EA521006EA92E /* FastUI */,
				6D6E8427240EA522006EA92E /* FastUITests */,
				6D6E8432240EA522006EA92E /* FastUIUITests */,
			);
		};
/* End PBXProject section */

/* Begin PBXResourcesBuildPhase section */
		6D6E840B240EA521006EA92E /* Resources */ = {
			isa = PBXResourcesBuildPhase;
			buildActionMask = 2147483647;
			files = (
				6D6E8420240EA522006EA92E /* LaunchScreen.storyboard in Resources */,
				6D6E841D240EA522006EA92E /* Assets.xcassets in Resources */,
				6D6E841B240EA521006EA92E /* Main.storyboard in Resources */,
			);
			runOnlyForDeploymentPostprocessing = 0;
		};
		6D6E8426240EA522006EA92E /* Resources */ = {
			isa = PBXResourcesBuildPhase;
			buildActionMask = 2147483647;
			files = (
			);
			runOnlyForDeploymentPostprocessing = 0;
		};
		6D6E8431240EA522006EA92E /* Resources */ = {
			isa = PBXResourcesBuildPhase;
			buildActionMask = 2147483647;
			files = (
			);
			runOnlyForDeploymentPostprocessing = 0;
		};
/* End PBXResourcesBuildPhase section */

/* Begin PBXShellScriptBuildPhase section */
		67D6E09A79BB1C655982F0C6 /* [CP] Check Pods Manifest.lock */ = {
			isa = PBXShellScriptBuildPhase;
			buildActionMask = 2147483647;
			files = (
			);
			inputFileListPaths = (
			);
			inputPaths = (
				"${PODS_PODFILE_DIR_PATH}/Podfile.lock",
				"${PODS_ROOT}/Manifest.lock",
			);
			name = "[CP] Check Pods Manifest.lock";
			outputFileListPaths = (
			);
			outputPaths = (
				"$(DERIVED_FILE_DIR)/Pods-FastUI-checkManifestLockResult.txt",
			);
			runOnlyForDeploymentPostprocessing = 0;
			shellPath = /bin/sh;
			shellScript = "diff \"${PODS_PODFILE_DIR_PATH}/Podfile.lock\" \"${PODS_ROOT}/Manifest.lock\" > /dev/null\nif [ $? != 0 ] ; then\n    # print error to STDERR\n    echo \"error: The sandbox is not in sync with the Podfile.lock. Run 'pod install' or update your CocoaPods installation.\" >&2\n    exit 1\nfi\n# This output is used by Xcode 'outputs' to avoid re-running this script phase.\necho \"SUCCESS\" > \"${SCRIPT_OUTPUT_FILE_0}\"\n";
			showEnvVarsInLog = 0;
		};
		6CA7E805070044C21172364F /* [CP] Embed Pods Frameworks */ = {
			isa = PBXShellScriptBuildPhase;
			buildActionMask = 2147483647;
			files = (
			);
			inputFileListPaths = (
				"${PODS_ROOT}/Target Support Files/Pods-FastUI/Pods-FastUI-frameworks-${CONFIGURATION}-input-files.xcfilelist",
			);
			name = "[CP] Embed Pods Frameworks";
			outputFileListPaths = (
				"${PODS_ROOT}/Target Support Files/Pods-FastUI/Pods-FastUI-frameworks-${CONFIGURATION}-output-files.xcfilelist",
			);
			runOnlyForDeploymentPostprocessing = 0;
			shellPath = /bin/sh;
			shellScript = "\"${PODS_ROOT}/Target Support Files/Pods-FastUI/Pods-FastUI-frameworks.sh\"\n";
			showEnvVarsInLog = 0;
		};
/* End PBXShellScriptBuildPhase section */

/* Begin PBXSourcesBuildPhase section */
		6D6E8409240EA521006EA92E /* Sources */ = {
			isa = PBXSourcesBuildPhase;
			buildActionMask = 2147483647;
			files = (
				6D6E8534240FFAEB006EA92E /* SRMutex.m in Sources */,
				6D6E8535240FFAEB006EA92E /* SRHTTPConnectMessage.m in Sources */,
				6D6E853B240FFAEB006EA92E /* SRSIMDHelpers.m in Sources */,
				6D6E84BA240EAB88006EA92E /* NSObject+YYModel.m in Sources */,
				6D6E852F240FFAEB006EA92E /* SRSecurityPolicy.m in Sources */,
				6D6E8477240EA734006EA92E /* experiments.cpp in Sources */,
				6D6E853A240FFAEB006EA92E /* SRRandom.m in Sources */,
				6D6E844E240EA70C006EA92E /* UIView+Yoga.m in Sources */,
				6D6E852D240FFAEB006EA92E /* NSRunLoop+SRWebSocket.m in Sources */,
				6D6E85492410026E006EA92E /* FastUIDataModel.m in Sources */,
				6D6E854D2413F095006EA92E /* UIView+FastUI.m in Sources */,
				6D6E8418240EA521006EA92E /* ViewController.m in Sources */,
				6D6E853C240FFAEB006EA92E /* SRIOConsumer.m in Sources */,
				6D6E847B240EA734006EA92E /* YGConfig.cpp in Sources */,
				6D6E8472240EA734006EA92E /* log.cpp in Sources */,
				6D6E854324100226006EA92E /* FastUIModel.m in Sources */,
				6D6E8478240EA734006EA92E /* YGNodePrint.cpp in Sources */,
				6D6E847A240EA734006EA92E /* YGValue.cpp in Sources */,
				6D6E8538240FFAEB006EA92E /* SRHash.m in Sources */,
				6D6E8537240FFAEB006EA92E /* SRLog.m in Sources */,
				6D6E8476240EA734006EA92E /* YGStyle.cpp in Sources */,
				6D6E85462410025C006EA92E /* FastUIUIModel.m in Sources */,
				6D6E8536240FFAEB006EA92E /* SRURLUtilities.m in Sources */,
				6D6E853D240FFAEB006EA92E /* SRIOConsumerPool.m in Sources */,
				6D6E8533240FFAEB006EA92E /* SRDelegateController.m in Sources */,
				6D6E8473240EA734006EA92E /* Utils.cpp in Sources */,
				6D6E8412240EA521006EA92E /* AppDelegate.m in Sources */,
				6D6E8479240EA734006EA92E /* YGEnums.cpp in Sources */,
				6D6E844F240EA70C006EA92E /* YGLayout.m in Sources */,
				6D6E8474240EA734006EA92E /* YGLayout.cpp in Sources */,
				6D6E858D24141043006EA92E /* FastUIImageView.m in Sources */,
				6D6E853F240FFAEB006EA92E /* NSURLRequest+SRWebSocket.m in Sources */,
				6D6E853E240FFAEB006EA92E /* SRConstants.m in Sources */,
				6D6E847C240EA734006EA92E /* YGNode.cpp in Sources */,
				6D6E8423240EA522006EA92E /* main.m in Sources */,
				6D6E8531240FFAEB006EA92E /* SRRunLoopThread.m in Sources */,
				6D6E84BB240EAB88006EA92E /* YYClassInfo.m in Sources */,
				6D6E8415240EA521006EA92E /* SceneDelegate.m in Sources */,
				6D6E8539240FFAEB006EA92E /* SRError.m in Sources */,
				6D6E8530240FFAEB006EA92E /* SRProxyConnect.m in Sources */,
				6D6E852C240FFAEB006EA92E /* SRWebSocket.m in Sources */,
				6D6E847D240EA734006EA92E /* event.cpp in Sources */,
				6D6E8532240FFAEB006EA92E /* SRPinningSecurityPolicy.m in Sources */,
				6D6E8475240EA734006EA92E /* Yoga.cpp in Sources */,
			);
			runOnlyForDeploymentPostprocessing = 0;
		};
		6D6E8424240EA522006EA92E /* Sources */ = {
			isa = PBXSourcesBuildPhase;
			buildActionMask = 2147483647;
			files = (
				6D6E842D240EA522006EA92E /* FastUITests.m in Sources */,
			);
			runOnlyForDeploymentPostprocessing = 0;
		};
		6D6E842F240EA522006EA92E /* Sources */ = {
			isa = PBXSourcesBuildPhase;
			buildActionMask = 2147483647;
			files = (
				6D6E8438240EA522006EA92E /* FastUIUITests.m in Sources */,
			);
			runOnlyForDeploymentPostprocessing = 0;
		};
/* End PBXSourcesBuildPhase section */

/* Begin PBXTargetDependency section */
		6D6E842A240EA522006EA92E /* PBXTargetDependency */ = {
			isa = PBXTargetDependency;
			target = 6D6E840C240EA521006EA92E /* FastUI */;
			targetProxy = 6D6E8429240EA522006EA92E /* PBXContainerItemProxy */;
		};
		6D6E8435240EA522006EA92E /* PBXTargetDependency */ = {
			isa = PBXTargetDependency;
			target = 6D6E840C240EA521006EA92E /* FastUI */;
			targetProxy = 6D6E8434240EA522006EA92E /* PBXContainerItemProxy */;
		};
/* End PBXTargetDependency section */

/* Begin PBXVariantGroup section */
		6D6E8419240EA521006EA92E /* Main.storyboard */ = {
			isa = PBXVariantGroup;
			children = (
				6D6E841A240EA521006EA92E /* Base */,
			);
			name = Main.storyboard;
			sourceTree = "<group>";
		};
		6D6E841E240EA522006EA92E /* LaunchScreen.storyboard */ = {
			isa = PBXVariantGroup;
			children = (
				6D6E841F240EA522006EA92E /* Base */,
			);
			name = LaunchScreen.storyboard;
			sourceTree = "<group>";
		};
/* End PBXVariantGroup section */

/* Begin XCBuildConfiguration section */
		6D6E843A240EA522006EA92E /* Debug */ = {
			isa = XCBuildConfiguration;
			buildSettings = {
				ALWAYS_SEARCH_USER_PATHS = NO;
				CLANG_ANALYZER_NONNULL = YES;
				CLANG_ANALYZER_NUMBER_OBJECT_CONVERSION = YES_AGGRESSIVE;
				CLANG_CXX_LANGUAGE_STANDARD = "gnu++14";
				CLANG_CXX_LIBRARY = "libc++";
				CLANG_ENABLE_MODULES = YES;
				CLANG_ENABLE_OBJC_ARC = YES;
				CLANG_ENABLE_OBJC_WEAK = YES;
				CLANG_WARN_BLOCK_CAPTURE_AUTORELEASING = YES;
				CLANG_WARN_BOOL_CONVERSION = YES;
				CLANG_WARN_COMMA = YES;
				CLANG_WARN_CONSTANT_CONVERSION = YES;
				CLANG_WARN_DEPRECATED_OBJC_IMPLEMENTATIONS = YES;
				CLANG_WARN_DIRECT_OBJC_ISA_USAGE = YES_ERROR;
				CLANG_WARN_DOCUMENTATION_COMMENTS = YES;
				CLANG_WARN_EMPTY_BODY = YES;
				CLANG_WARN_ENUM_CONVERSION = YES;
				CLANG_WARN_INFINITE_RECURSION = YES;
				CLANG_WARN_INT_CONVERSION = YES;
				CLANG_WARN_NON_LITERAL_NULL_CONVERSION = YES;
				CLANG_WARN_OBJC_IMPLICIT_RETAIN_SELF = YES;
				CLANG_WARN_OBJC_LITERAL_CONVERSION = YES;
				CLANG_WARN_OBJC_ROOT_CLASS = YES_ERROR;
				CLANG_WARN_RANGE_LOOP_ANALYSIS = YES;
				CLANG_WARN_STRICT_PROTOTYPES = YES;
				CLANG_WARN_SUSPICIOUS_MOVE = YES;
				CLANG_WARN_UNGUARDED_AVAILABILITY = YES_AGGRESSIVE;
				CLANG_WARN_UNREACHABLE_CODE = YES;
				CLANG_WARN__DUPLICATE_METHOD_MATCH = YES;
				COPY_PHASE_STRIP = NO;
				DEBUG_INFORMATION_FORMAT = dwarf;
				ENABLE_STRICT_OBJC_MSGSEND = YES;
				ENABLE_TESTABILITY = YES;
				GCC_C_LANGUAGE_STANDARD = gnu11;
				GCC_DYNAMIC_NO_PIC = NO;
				GCC_NO_COMMON_BLOCKS = YES;
				GCC_OPTIMIZATION_LEVEL = 0;
				GCC_PREPROCESSOR_DEFINITIONS = (
					"DEBUG=1",
					"$(inherited)",
				);
				GCC_WARN_64_TO_32_BIT_CONVERSION = YES;
				GCC_WARN_ABOUT_RETURN_TYPE = YES_ERROR;
				GCC_WARN_UNDECLARED_SELECTOR = YES;
				GCC_WARN_UNINITIALIZED_AUTOS = YES_AGGRESSIVE;
				GCC_WARN_UNUSED_FUNCTION = YES;
				GCC_WARN_UNUSED_VARIABLE = YES;
				IPHONEOS_DEPLOYMENT_TARGET = 13.2;
				MTL_ENABLE_DEBUG_INFO = INCLUDE_SOURCE;
				MTL_FAST_MATH = YES;
				ONLY_ACTIVE_ARCH = YES;
				SDKROOT = iphoneos;
			};
			name = Debug;
		};
		6D6E843B240EA522006EA92E /* Release */ = {
			isa = XCBuildConfiguration;
			buildSettings = {
				ALWAYS_SEARCH_USER_PATHS = NO;
				CLANG_ANALYZER_NONNULL = YES;
				CLANG_ANALYZER_NUMBER_OBJECT_CONVERSION = YES_AGGRESSIVE;
				CLANG_CXX_LANGUAGE_STANDARD = "gnu++14";
				CLANG_CXX_LIBRARY = "libc++";
				CLANG_ENABLE_MODULES = YES;
				CLANG_ENABLE_OBJC_ARC = YES;
				CLANG_ENABLE_OBJC_WEAK = YES;
				CLANG_WARN_BLOCK_CAPTURE_AUTORELEASING = YES;
				CLANG_WARN_BOOL_CONVERSION = YES;
				CLANG_WARN_COMMA = YES;
				CLANG_WARN_CONSTANT_CONVERSION = YES;
				CLANG_WARN_DEPRECATED_OBJC_IMPLEMENTATIONS = YES;
				CLANG_WARN_DIRECT_OBJC_ISA_USAGE = YES_ERROR;
				CLANG_WARN_DOCUMENTATION_COMMENTS = YES;
				CLANG_WARN_EMPTY_BODY = YES;
				CLANG_WARN_ENUM_CONVERSION = YES;
				CLANG_WARN_INFINITE_RECURSION = YES;
				CLANG_WARN_INT_CONVERSION = YES;
				CLANG_WARN_NON_LITERAL_NULL_CONVERSION = YES;
				CLANG_WARN_OBJC_IMPLICIT_RETAIN_SELF = YES;
				CLANG_WARN_OBJC_LITERAL_CONVERSION = YES;
				CLANG_WARN_OBJC_ROOT_CLASS = YES_ERROR;
				CLANG_WARN_RANGE_LOOP_ANALYSIS = YES;
				CLANG_WARN_STRICT_PROTOTYPES = YES;
				CLANG_WARN_SUSPICIOUS_MOVE = YES;
				CLANG_WARN_UNGUARDED_AVAILABILITY = YES_AGGRESSIVE;
				CLANG_WARN_UNREACHABLE_CODE = YES;
				CLANG_WARN__DUPLICATE_METHOD_MATCH = YES;
				COPY_PHASE_STRIP = NO;
				DEBUG_INFORMATION_FORMAT = "dwarf-with-dsym";
				ENABLE_NS_ASSERTIONS = NO;
				ENABLE_STRICT_OBJC_MSGSEND = YES;
				GCC_C_LANGUAGE_STANDARD = gnu11;
				GCC_NO_COMMON_BLOCKS = YES;
				GCC_WARN_64_TO_32_BIT_CONVERSION = YES;
				GCC_WARN_ABOUT_RETURN_TYPE = YES_ERROR;
				GCC_WARN_UNDECLARED_SELECTOR = YES;
				GCC_WARN_UNINITIALIZED_AUTOS = YES_AGGRESSIVE;
				GCC_WARN_UNUSED_FUNCTION = YES;
				GCC_WARN_UNUSED_VARIABLE = YES;
				IPHONEOS_DEPLOYMENT_TARGET = 13.2;
				MTL_ENABLE_DEBUG_INFO = NO;
				MTL_FAST_MATH = YES;
				SDKROOT = iphoneos;
				VALIDATE_PRODUCT = YES;
			};
			name = Release;
		};
		6D6E843D240EA522006EA92E /* Debug */ = {
			isa = XCBuildConfiguration;
			baseConfigurationReference = FB6C75A7FB2D175D8924E9E6 /* Pods-FastUI.debug.xcconfig */;
			buildSettings = {
				ASSETCATALOG_COMPILER_APPICON_NAME = AppIcon;
				CLANG_ENABLE_MODULES = YES;
				CODE_SIGN_STYLE = Automatic;
				FRAMEWORK_SEARCH_PATHS = (
					"$(inherited)",
					"$(PROJECT_DIR)/framework/**",
				);
				HEADER_SEARCH_PATHS = "$(PROJECT_DIR)/framework/**";
				INFOPLIST_FILE = FastUI/Info.plist;
				LD_RUNPATH_SEARCH_PATHS = (
					"$(inherited)",
					"@executable_path/Frameworks",
				);
				LIBRARY_SEARCH_PATHS = (
					"$(inherited)",
					"$(PROJECT_DIR)/FastUI",
				);
				OTHER_LDFLAGS = (
					"-ObjC",
					"$(inherited)",
				);
				PRODUCT_BUNDLE_IDENTIFIER = damien.FastUI;
				PRODUCT_NAME = "$(TARGET_NAME)";
				SWIFT_OBJC_BRIDGING_HEADER = "FastUI/FastUI-Bridging-Header.h";
				SWIFT_OPTIMIZATION_LEVEL = "-Onone";
				SWIFT_VERSION = 5.0;
				TARGETED_DEVICE_FAMILY = "1,2";
			};
			name = Debug;
		};
		6D6E843E240EA522006EA92E /* Release */ = {
			isa = XCBuildConfiguration;
			baseConfigurationReference = 5AA3B1E661328A2ABFEF80B8 /* Pods-FastUI.release.xcconfig */;
			buildSettings = {
				ASSETCATALOG_COMPILER_APPICON_NAME = AppIcon;
				CLANG_ENABLE_MODULES = YES;
				CODE_SIGN_STYLE = Automatic;
				FRAMEWORK_SEARCH_PATHS = (
					"$(inherited)",
					"$(PROJECT_DIR)/framework/**",
				);
				HEADER_SEARCH_PATHS = "$(PROJECT_DIR)/framework/**";
				INFOPLIST_FILE = FastUI/Info.plist;
				LD_RUNPATH_SEARCH_PATHS = (
					"$(inherited)",
					"@executable_path/Frameworks",
				);
				LIBRARY_SEARCH_PATHS = (
					"$(inherited)",
					"$(PROJECT_DIR)/FastUI",
				);
				OTHER_LDFLAGS = (
					"-ObjC",
					"$(inherited)",
				);
				PRODUCT_BUNDLE_IDENTIFIER = damien.FastUI;
				PRODUCT_NAME = "$(TARGET_NAME)";
				SWIFT_OBJC_BRIDGING_HEADER = "FastUI/FastUI-Bridging-Header.h";
				SWIFT_VERSION = 5.0;
				TARGETED_DEVICE_FAMILY = "1,2";
			};
			name = Release;
		};
		6D6E8440240EA522006EA92E /* Debug */ = {
			isa = XCBuildConfiguration;
			buildSettings = {
				BUNDLE_LOADER = "$(TEST_HOST)";
				CODE_SIGN_STYLE = Automatic;
				INFOPLIST_FILE = FastUITests/Info.plist;
				IPHONEOS_DEPLOYMENT_TARGET = 13.2;
				LD_RUNPATH_SEARCH_PATHS = (
					"$(inherited)",
					"@executable_path/Frameworks",
					"@loader_path/Frameworks",
				);
				PRODUCT_BUNDLE_IDENTIFIER = damien.FastUITests;
				PRODUCT_NAME = "$(TARGET_NAME)";
				TARGETED_DEVICE_FAMILY = "1,2";
				TEST_HOST = "$(BUILT_PRODUCTS_DIR)/FastUI.app/FastUI";
			};
			name = Debug;
		};
		6D6E8441240EA522006EA92E /* Release */ = {
			isa = XCBuildConfiguration;
			buildSettings = {
				BUNDLE_LOADER = "$(TEST_HOST)";
				CODE_SIGN_STYLE = Automatic;
				INFOPLIST_FILE = FastUITests/Info.plist;
				IPHONEOS_DEPLOYMENT_TARGET = 13.2;
				LD_RUNPATH_SEARCH_PATHS = (
					"$(inherited)",
					"@executable_path/Frameworks",
					"@loader_path/Frameworks",
				);
				PRODUCT_BUNDLE_IDENTIFIER = damien.FastUITests;
				PRODUCT_NAME = "$(TARGET_NAME)";
				TARGETED_DEVICE_FAMILY = "1,2";
				TEST_HOST = "$(BUILT_PRODUCTS_DIR)/FastUI.app/FastUI";
			};
			name = Release;
		};
		6D6E8443240EA522006EA92E /* Debug */ = {
			isa = XCBuildConfiguration;
			buildSettings = {
				CODE_SIGN_STYLE = Automatic;
				INFOPLIST_FILE = FastUIUITests/Info.plist;
				LD_RUNPATH_SEARCH_PATHS = (
					"$(inherited)",
					"@executable_path/Frameworks",
					"@loader_path/Frameworks",
				);
				PRODUCT_BUNDLE_IDENTIFIER = damien.FastUIUITests;
				PRODUCT_NAME = "$(TARGET_NAME)";
				TARGETED_DEVICE_FAMILY = "1,2";
				TEST_TARGET_NAME = FastUI;
			};
			name = Debug;
		};
		6D6E8444240EA522006EA92E /* Release */ = {
			isa = XCBuildConfiguration;
			buildSettings = {
				CODE_SIGN_STYLE = Automatic;
				INFOPLIST_FILE = FastUIUITests/Info.plist;
				LD_RUNPATH_SEARCH_PATHS = (
					"$(inherited)",
					"@executable_path/Frameworks",
					"@loader_path/Frameworks",
				);
				PRODUCT_BUNDLE_IDENTIFIER = damien.FastUIUITests;
				PRODUCT_NAME = "$(TARGET_NAME)";
				TARGETED_DEVICE_FAMILY = "1,2";
				TEST_TARGET_NAME = FastUI;
			};
			name = Release;
		};
/* End XCBuildConfiguration section */

/* Begin XCConfigurationList section */
		6D6E8408240EA521006EA92E /* Build configuration list for PBXProject "FastUI" */ = {
			isa = XCConfigurationList;
			buildConfigurations = (
				6D6E843A240EA522006EA92E /* Debug */,
				6D6E843B240EA522006EA92E /* Release */,
			);
			defaultConfigurationIsVisible = 0;
			defaultConfigurationName = Release;
		};
		6D6E843C240EA522006EA92E /* Build configuration list for PBXNativeTarget "FastUI" */ = {
			isa = XCConfigurationList;
			buildConfigurations = (
				6D6E843D240EA522006EA92E /* Debug */,
				6D6E843E240EA522006EA92E /* Release */,
			);
			defaultConfigurationIsVisible = 0;
			defaultConfigurationName = Release;
		};
		6D6E843F240EA522006EA92E /* Build configuration list for PBXNativeTarget "FastUITests" */ = {
			isa = XCConfigurationList;
			buildConfigurations = (
				6D6E8440240EA522006EA92E /* Debug */,
				6D6E8441240EA522006EA92E /* Release */,
			);
			defaultConfigurationIsVisible = 0;
			defaultConfigurationName = Release;
		};
		6D6E8442240EA522006EA92E /* Build configuration list for PBXNativeTarget "FastUIUITests" */ = {
			isa = XCConfigurationList;
			buildConfigurations = (
				6D6E8443240EA522006EA92E /* Debug */,
				6D6E8444240EA522006EA92E /* Release */,
			);
			defaultConfigurationIsVisible = 0;
			defaultConfigurationName = Release;
		};
/* End XCConfigurationList section */
	};
	rootObject = 6D6E8405240EA521006EA92E /* Project object */;
}
